
Microsoft Visual Studio Solution File, Format Version 12.00
# Visual Studio Version 17
VisualStudioVersion = 17.0.32014.148
MinimumVisualStudioVersion = 10.0.40219.1
Project("{FAE04EC0-301F-11D3-BF4B-00C04F79EFBC}") = "KirillLearn2", "KirillLearn2\KirillLearn2.csproj", "{6321C434-6468-459E-BA1A-F9F5E3D8B782}"
EndProject
Global
	GlobalSection(SolutionConfigurationPlatforms) = preSolution
		Debug|Any CPU = Debug|Any CPU
		Release|Any CPU = Release|Any CPU
	EndGlobalSection
	GlobalSection(ProjectConfigurationPlatforms) = postSolution
		{6321C434-6468-459E-BA1A-F9F5E3D8B782}.Debug|Any CPU.ActiveCfg = Debug|Any CPU
		{6321C434-6468-459E-BA1A-F9F5E3D8B782}.Debug|Any CPU.Build.0 = Debug|Any CPU
		{6321C434-6468-459E-BA1A-F9F5E3D8B782}.Release|Any CPU.ActiveCfg = Release|Any CPU
		{6321C434-6468-459E-BA1A-F9F5E3D8B782}.Release|Any CPU.Build.0 = Release|Any CPU
	EndGlobalSection
	GlobalSection(SolutionProperties) = preSolution
		HideSolutionNode = FALSE
	EndGlobalSection
	GlobalSection(ExtensibilityGlobals) = postSolution
		SolutionGuid = {42CFA4FE-1A7D-431D-A7B1-CD61731C82A7}
	EndGlobalSection
EndGlobal
